# generated by rye
# use `rye lock` or `rye sync` to update this lockfile
#
# last locked with the following flags:
#   pre: false
#   features: []
#   all-features: false
#   with-sources: false
#   generate-hashes: false
#   universal: false

-e file:.
aiohttp==3.9.5
    # via alibabacloud-tea
    # via apache-airflow-providers-http
aiosignal==1.3.1
    # via aiohttp
airflow-code-editor==7.4.1
    # via jcutils
alembic==1.13.2
    # via apache-airflow
alibabacloud-credentials==0.3.4
    # via alibabacloud-gateway-spi
    # via alibabacloud-oss-sdk
    # via alibabacloud-tea-openapi
alibabacloud-dataworks-public20200518==5.7.0
    # via jcutils
alibabacloud-ecs20140526==4.1.9
    # via jcutils
alibabacloud-endpoint-util==0.0.3
    # via alibabacloud-dataworks-public20200518
    # via alibabacloud-ecs20140526
    # via alibabacloud-maxcompute20220104
    # via alibabacloud-openplatform20191219
alibabacloud-gateway-spi==0.0.1
    # via alibabacloud-tea-openapi
alibabacloud-maxcompute20220104==2.3.1
    # via jcutils
alibabacloud-openapi-util==0.2.2
    # via alibabacloud-dataworks-public20200518
    # via alibabacloud-ecs20140526
    # via alibabacloud-maxcompute20220104
    # via alibabacloud-openplatform20191219
    # via alibabacloud-tea-openapi
alibabacloud-openplatform20191219==2.0.0
    # via alibabacloud-dataworks-public20200518
alibabacloud-oss-sdk==0.1.0
    # via alibabacloud-dataworks-public20200518
alibabacloud-oss-util==0.0.6
    # via alibabacloud-dataworks-public20200518
    # via alibabacloud-oss-sdk
alibabacloud-tea==0.3.9
    # via alibabacloud-credentials
    # via alibabacloud-endpoint-util
    # via alibabacloud-oss-util
    # via alibabacloud-tea-fileform
    # via alibabacloud-tea-util
    # via alibabacloud-tea-xml
alibabacloud-tea-fileform==0.0.5
    # via alibabacloud-dataworks-public20200518
    # via alibabacloud-oss-sdk
alibabacloud-tea-openapi==0.3.10
    # via alibabacloud-dataworks-public20200518
    # via alibabacloud-ecs20140526
    # via alibabacloud-maxcompute20220104
    # via alibabacloud-openplatform20191219
alibabacloud-tea-util==0.3.13
    # via alibabacloud-dataworks-public20200518
    # via alibabacloud-ecs20140526
    # via alibabacloud-maxcompute20220104
    # via alibabacloud-openapi-util
    # via alibabacloud-openplatform20191219
    # via alibabacloud-oss-sdk
    # via alibabacloud-tea-openapi
alibabacloud-tea-xml==0.0.2
    # via alibabacloud-oss-sdk
    # via alibabacloud-tea-openapi
anyio==3.7.1
    # via httpx
    # via starlette
apache-airflow==2.7.0
    # via airflow-code-editor
    # via apache-airflow-providers-common-sql
    # via apache-airflow-providers-ftp
    # via apache-airflow-providers-http
    # via apache-airflow-providers-imap
    # via apache-airflow-providers-sqlite
    # via jcutils
apache-airflow-providers-common-sql==1.14.2
    # via apache-airflow
    # via apache-airflow-providers-sqlite
apache-airflow-providers-ftp==3.10.0
    # via apache-airflow
apache-airflow-providers-http==4.9.0
    # via apache-airflow
apache-airflow-providers-imap==3.6.1
    # via apache-airflow
apache-airflow-providers-sqlite==3.8.1
    # via apache-airflow
apispec==6.6.1
    # via flask-appbuilder
appdirs==1.4.4
    # via fs
apscheduler==3.10.4
    # via jcutils
argcomplete==3.4.0
    # via apache-airflow
asgiref==3.8.1
    # via apache-airflow
    # via apache-airflow-providers-http
    # via uvicorn
attrs==23.2.0
    # via aiohttp
    # via apache-airflow
    # via cattrs
    # via jsonschema
    # via referencing
babel==2.15.0
    # via flask-babel
backoff==2.2.1
    # via opentelemetry-exporter-otlp-proto-grpc
    # via opentelemetry-exporter-otlp-proto-http
blinker==1.8.2
    # via apache-airflow
cachelib==0.9.0
    # via flask-caching
    # via flask-session
cattrs==23.2.3
    # via apache-airflow
certifi==2024.7.4
    # via httpcore
    # via httpx
    # via requests
    # via sentry-sdk
cffi==1.16.0
    # via cryptography
chardet==4.0.0
    # via imbox
    # via jcutils
charset-normalizer==2.0.12
    # via requests
click==8.1.7
    # via clickclick
    # via flask
    # via flask-appbuilder
    # via uvicorn
clickclick==20.10.2
    # via connexion
clickhouse-driver==0.2.6
    # via jcutils
colorama==0.4.6
    # via flask-appbuilder
colorlog==4.8.0
    # via apache-airflow
configupdater==3.2
    # via apache-airflow
connexion==2.14.2
    # via apache-airflow
cron-descriptor==1.4.3
    # via apache-airflow
croniter==3.0.0
    # via apache-airflow
cryptography==43.0.0
    # via alibabacloud-openapi-util
    # via apache-airflow
cssselect==1.2.0
    # via pyquery
cython==3.0.10
    # via thriftpy2
dbutils==3.0.2
    # via jcutils
decorator==5.1.1
    # via retry
deprecated==1.2.14
    # via apache-airflow
    # via limits
    # via opentelemetry-api
dill==0.3.8
    # via apache-airflow
dnspython==2.6.1
    # via email-validator
docutils==0.21.2
    # via python-daemon
easybase==1.1.3
    # via jcutils
email-validator==1.3.1
    # via flask-appbuilder
esdk-obs-python==3.24.6
    # via jcutils
et-xmlfile==1.1.0
    # via openpyxl
fastapi==0.70.1
    # via jcutils
fire==0.6.0
    # via jcutils
flask==2.2.5
    # via apache-airflow
    # via connexion
    # via flask-appbuilder
    # via flask-babel
    # via flask-caching
    # via flask-jwt-extended
    # via flask-limiter
    # via flask-login
    # via flask-session
    # via flask-sqlalchemy
    # via flask-wtf
flask-appbuilder==4.3.3
    # via apache-airflow
flask-babel==2.0.0
    # via flask-appbuilder
flask-caching==2.3.0
    # via apache-airflow
flask-jwt-extended==4.6.0
    # via flask-appbuilder
flask-limiter==3.8.0
    # via flask-appbuilder
flask-login==0.6.3
    # via apache-airflow
    # via flask-appbuilder
flask-session==0.8.0
    # via apache-airflow
flask-sqlalchemy==2.5.1
    # via flask-appbuilder
flask-wtf==1.2.1
    # via apache-airflow
    # via flask-appbuilder
frozenlist==1.4.1
    # via aiohttp
    # via aiosignal
fs==2.4.16
    # via airflow-code-editor
func-timeout==4.3.5
    # via jcutils
google-re2==1.1.20240702
    # via apache-airflow
googleapis-common-protos==1.63.2
    # via opentelemetry-exporter-otlp-proto-grpc
    # via opentelemetry-exporter-otlp-proto-http
graphviz==0.20.3
    # via apache-airflow
greenlet==3.0.3
    # via playwright
grpcio==1.65.1
    # via opentelemetry-exporter-otlp-proto-grpc
gunicorn==22.0.0
    # via apache-airflow
h11==0.14.0
    # via httpcore
    # via uvicorn
happybase==1.2.0
    # via jcutils
httpcore==1.0.5
    # via httpx
httpx==0.27.0
    # via apache-airflow
huaweicloudsdkcore==3.1.107
    # via huaweicloudsdkdli
huaweicloudsdkdli==3.1.19
    # via jcutils
idna==3.7
    # via anyio
    # via email-validator
    # via httpx
    # via requests
    # via yarl
imbox==0.9.8
    # via jcutils
importlib-resources==6.4.0
    # via limits
inflection==0.5.1
    # via connexion
itsdangerous==2.2.0
    # via apache-airflow
    # via connexion
    # via flask
    # via flask-wtf
jinja2==3.1.4
    # via apache-airflow
    # via flask
    # via flask-babel
    # via python-nvd3
jsonschema==4.23.0
    # via apache-airflow
    # via connexion
    # via flask-appbuilder
jsonschema-specifications==2023.12.1
    # via jsonschema
kazoo==2.5.0
    # via pykafka
kerberos==1.3.1
    # via easybase
lazy-object-proxy==1.10.0
    # via apache-airflow
ldap3==2.9.1
    # via jcutils
limits==3.13.0
    # via flask-limiter
line-profiler==4.0.3
    # via jcutils
linkify-it-py==2.0.3
    # via apache-airflow
lockfile==0.12.2
    # via apache-airflow
    # via python-daemon
lxml==5.2.2
    # via pyquery
mako==1.3.5
    # via alembic
markdown==3.6
    # via apache-airflow
markdown-it-py==3.0.0
    # via apache-airflow
    # via mdit-py-plugins
    # via rich
markupsafe==2.1.5
    # via apache-airflow
    # via jinja2
    # via mako
    # via werkzeug
    # via wtforms
marshmallow==3.21.3
    # via flask-appbuilder
    # via marshmallow-oneofschema
    # via marshmallow-sqlalchemy
marshmallow-oneofschema==3.1.1
    # via apache-airflow
marshmallow-sqlalchemy==0.26.1
    # via flask-appbuilder
mdit-py-plugins==0.4.1
    # via apache-airflow
mdurl==0.1.2
    # via markdown-it-py
more-itertools==10.3.0
    # via apache-airflow-providers-common-sql
msgspec==0.18.6
    # via flask-session
multidict==6.0.5
    # via aiohttp
    # via yarl
numpy==1.26.4
    # via pandas
    # via pyarrow
    # via jcutils
openpyxl==3.1.5
    # via jcutils
opentelemetry-api==1.15.0
    # via apache-airflow
    # via opentelemetry-exporter-otlp-proto-grpc
    # via opentelemetry-exporter-otlp-proto-http
    # via opentelemetry-sdk
opentelemetry-exporter-otlp==1.15.0
    # via apache-airflow
opentelemetry-exporter-otlp-proto-grpc==1.15.0
    # via opentelemetry-exporter-otlp
opentelemetry-exporter-otlp-proto-http==1.15.0
    # via opentelemetry-exporter-otlp
opentelemetry-proto==1.15.0
    # via opentelemetry-exporter-otlp-proto-grpc
    # via opentelemetry-exporter-otlp-proto-http
opentelemetry-sdk==1.15.0
    # via opentelemetry-exporter-otlp-proto-grpc
    # via opentelemetry-exporter-otlp-proto-http
opentelemetry-semantic-conventions==0.36b0
    # via opentelemetry-sdk
ordered-set==4.1.0
    # via flask-limiter
packaging==24.1
    # via apache-airflow
    # via apispec
    # via connexion
    # via gunicorn
    # via limits
    # via marshmallow
pandas==2.2.2
    # via jcutils
pathspec==0.12.1
    # via apache-airflow
pendulum==3.0.0
    # via apache-airflow
pip==24.1.2
    # via jcutils
playwright==1.41.2
    # via jcutils
pluggy==1.5.0
    # via apache-airflow
ply==3.11
    # via thriftpy2
prison==0.2.1
    # via flask-appbuilder
protobuf==4.25.4
    # via googleapis-common-protos
    # via opentelemetry-proto
pss==1.45
    # via airflow-code-editor
psutil==6.0.0
    # via apache-airflow
psycopg2-binary==2.9.5
    # via jcutils
pure-sasl==0.6.2
    # via easybase
py==1.11.0
    # via retry
pyarrow==17.0.0
    # via pyodps
pyasn1==0.6.0
    # via huaweicloudsdkcore
    # via ldap3
pycparser==2.22
    # via cffi
pycryptodome==3.20.0
    # via esdk-obs-python
pydantic==1.10.17
    # via apache-airflow
    # via fastapi
pyee==11.0.1
    # via playwright
pygments==2.18.0
    # via apache-airflow
    # via rich
pyjwt==2.8.0
    # via apache-airflow
    # via flask-appbuilder
    # via flask-jwt-extended
pykafka==2.8.0
    # via jcutils
pymssql==2.2.7
    # via jcutils
pymysql==1.0.2
    # via jcutils
pyodps==0.11.6.1
    # via jcutils
pyquery==2.0.0
    # via jcutils
python-daemon==3.0.1
    # via apache-airflow
python-dateutil==2.8.2
    # via apache-airflow
    # via croniter
    # via flask-appbuilder
    # via pandas
    # via pendulum
    # via jcutils
    # via time-machine
python-multipart==0.0.5
    # via jcutils
python-nvd3==0.16.0
    # via apache-airflow
python-slugify==8.0.4
    # via apache-airflow
    # via python-nvd3
pytz==2024.1
    # via apscheduler
    # via clickhouse-driver
    # via croniter
    # via flask-babel
    # via pandas
pyyaml==6.0.1
    # via apispec
    # via clickclick
    # via connexion
    # via huaweicloudsdkcore
redis==3.5.3
    # via jcutils
    # via redis-py-cluster
redis-py-cluster==2.1.3
    # via jcutils
referencing==0.35.1
    # via jsonschema
    # via jsonschema-specifications
requests==2.26.0
    # via alibabacloud-tea
    # via apache-airflow-providers-http
    # via connexion
    # via opentelemetry-exporter-otlp-proto-http
    # via pyodps
    # via jcutils
    # via requests-toolbelt
requests-toolbelt==1.0.0
    # via apache-airflow-providers-http
    # via huaweicloudsdkcore
retry==0.9.2
    # via jcutils
rfc3339-validator==0.1.4
    # via apache-airflow
rich==13.7.1
    # via apache-airflow
    # via flask-limiter
    # via rich-argparse
rich-argparse==1.5.2
    # via apache-airflow
rpds-py==0.19.1
    # via jsonschema
    # via referencing
sentry-sdk==1.21.1
    # via jcutils
setproctitle==1.3.3
    # via apache-airflow
setuptools==71.1.0
    # via fs
    # via opentelemetry-api
    # via opentelemetry-sdk
    # via python-daemon
simplejson==3.19.2
    # via huaweicloudsdkcore
six==1.16.0
    # via apscheduler
    # via easybase
    # via fire
    # via fs
    # via happybase
    # via huaweicloudsdkcore
    # via kazoo
    # via prison
    # via pykafka
    # via python-dateutil
    # via python-multipart
    # via rfc3339-validator
    # via thriftpy2
sniffio==1.3.1
    # via anyio
    # via httpx
sqlalchemy==1.4.52
    # via alembic
    # via apache-airflow
    # via flask-appbuilder
    # via flask-sqlalchemy
    # via marshmallow-sqlalchemy
    # via sqlalchemy-jsonfield
    # via sqlalchemy-utils
sqlalchemy-jsonfield==1.0.2
    # via apache-airflow
sqlalchemy-utils==0.41.2
    # via flask-appbuilder
sqlparse==0.5.1
    # via apache-airflow-providers-common-sql
starlette==0.16.0
    # via fastapi
tabulate==0.9.0
    # via apache-airflow
    # via pykafka
tenacity==8.5.0
    # via apache-airflow
termcolor==2.4.0
    # via apache-airflow
    # via fire
text-unidecode==1.3
    # via python-slugify
thriftpy2==0.5.2
    # via easybase
    # via happybase
time-machine==2.14.2
    # via pendulum
typing-extensions==4.12.2
    # via alembic
    # via apache-airflow
    # via flask-limiter
    # via huaweicloudsdkcore
    # via limits
    # via opentelemetry-sdk
    # via pydantic
    # via pyee
tzdata==2024.1
    # via pandas
    # via pendulum
tzlocal==5.2
    # via apscheduler
    # via clickhouse-driver
uc-micro-py==1.0.3
    # via linkify-it-py
unicodecsv==0.14.1
    # via apache-airflow
urllib3==1.26.19
    # via jcutils
    # via requests
    # via sentry-sdk
uvicorn==0.16.0
    # via jcutils
werkzeug==2.2.3
    # via apache-airflow
    # via connexion
    # via flask
    # via flask-jwt-extended
    # via flask-login
wrapt==1.16.0
    # via deprecated
wtforms==3.1.2
    # via flask-appbuilder
    # via flask-wtf
yarl==1.9.4
    # via aiohttp
