# generated by rye
# use `rye lock` or `rye sync` to update this lockfile
#
# last locked with the following flags:
#   pre: false
#   features: []
#   all-features: false
#   with-sources: false
#   generate-hashes: false
#   universal: false

-e file:.
largestinteriorrectangle==0.2.1
    # via stitching-headless
llvmlite==0.43.0
    # via numba
numba==0.60.0
    # via largestinteriorrectangle
numpy==2.0.1
    # via numba
    # via opencv-python-headless
opencv-python-headless==4.10.0.84
    # via stitching-headless
