# generated by rye
# use `rye lock` or `rye sync` to update this lockfile
#
# last locked with the following flags:
#   pre: false
#   features: []
#   all-features: false
#   with-sources: false
#   generate-hashes: false
#   universal: false

-e file:.
dateparser==1.2.0
    # via timcol
pystache==0.6.5
    # via timcol
python-dateutil==2.9.0.post0
    # via dateparser
pytz==2024.1
    # via dateparser
regex==2024.7.24
    # via dateparser
six==1.16.0
    # via python-dateutil
tabulate==0.9.0
    # via timcol
tzlocal==5.2
    # via dateparser
