# generated by rye
# use `rye lock` or `rye sync` to update this lockfile
#
# last locked with the following flags:
#   pre: false
#   features: []
#   all-features: false
#   with-sources: false
#   generate-hashes: false
#   universal: false

-e file:.
cachetools==5.4.0
    # via tox
chardet==5.2.0
    # via tox
colorama==0.4.6
    # via tox
dateparser==1.2.0
    # via timcol
distlib==0.3.8
    # via virtualenv
filelock==3.15.4
    # via tox
    # via virtualenv
iniconfig==2.0.0
    # via pytest
packaging==24.1
    # via pyproject-api
    # via pytest
    # via tox
platformdirs==4.2.2
    # via tox
    # via virtualenv
pluggy==1.5.0
    # via pytest
    # via tox
pyfakefs==5.6.0
pyproject-api==1.7.1
    # via tox
pystache==0.6.5
    # via timcol
pytest==8.3.2
python-dateutil==2.9.0.post0
    # via dateparser
    # via time-machine
pytz==2024.1
    # via dateparser
regex==2024.7.24
    # via dateparser
six==1.16.0
    # via python-dateutil
tabulate==0.9.0
    # via timcol
time-machine==2.14.2
tox==4.16.0
tzdata==2024.1
tzlocal==5.2
    # via dateparser
virtualenv==20.26.3
    # via tox
